// !$*UTF8*$!
{
	archiveVersion = 1;
	classes = {
	};
	objectVersion = 56;
	objects = {

/* Begin PBXBuildFile section */
		DA45C8802C188E1900EC2DF6 /* SwiftUITrainingApp.swift in Sources */ = {isa = PBXBuildFile; fileRef = DA45C87F2C188E1900EC2DF6 /* SwiftUITrainingApp.swift */; };
		DA45C8822C188E1900EC2DF6 /* ContentView.swift in Sources */ = {isa = PBXBuildFile; fileRef = DA45C8812C188E1900EC2DF6 /* ContentView.swift */; };
		DA45C8842C188E1A00EC2DF6 /* Assets.xcassets in Resources */ = {isa = PBXBuildFile; fileRef = DA45C8832C188E1A00EC2DF6 /* Assets.xcassets */; };
		DA45C8872C188E1A00EC2DF6 /* Preview Assets.xcassets in Resources */ = {isa = PBXBuildFile; fileRef = DA45C8862C188E1A00EC2DF6 /* Preview Assets.xcassets */; };
		DA45C8912C188E1A00EC2DF6 /* SwiftUITrainingTests.swift in Sources */ = {isa = PBXBuildFile; fileRef = DA45C8902C188E1A00EC2DF6 /* SwiftUITrainingTests.swift */; };
		DA45C89B2C188E1A00EC2DF6 /* SwiftUITrainingUITests.swift in Sources */ = {isa = PBXBuildFile; fileRef = DA45C89A2C188E1A00EC2DF6 /* SwiftUITrainingUITests.swift */; };
		DA45C89D2C188E1A00EC2DF6 /* SwiftUITrainingUITestsLaunchTests.swift in Sources */ = {isa = PBXBuildFile; fileRef = DA45C89C2C188E1A00EC2DF6 /* SwiftUITrainingUITestsLaunchTests.swift */; };
		DA45C8AC2C188E9B00EC2DF6 /* LoginView.swift in Sources */ = {isa = PBXBuildFile; fileRef = DA45C8AB2C188E9B00EC2DF6 /* LoginView.swift */; };
		DA45C8AE2C1983B600EC2DF6 /* SignUpView.swift in Sources */ = {isa = PBXBuildFile; fileRef = DA45C8AD2C1983B600EC2DF6 /* SignUpView.swift */; };
/* End PBXBuildFile section */

/* Begin PBXContainerItemProxy section */
		DA45C88D2C188E1A00EC2DF6 /* PBXContainerItemProxy */ = {
			isa = PBXContainerItemProxy;
			containerPortal = DA45C8742C188E1900EC2DF6 /* Project object */;
			proxyType = 1;
			remoteGlobalIDString = DA45C87B2C188E1900EC2DF6;
			remoteInfo = SwiftUITraining;
		};
		DA45C8972C188E1A00EC2DF6 /* PBXContainerItemProxy */ = {
			isa = PBXContainerItemProxy;
			containerPortal = DA45C8742C188E1900EC2DF6 /* Project object */;
			proxyType = 1;
			remoteGlobalIDString = DA45C87B2C188E1900EC2DF6;
			remoteInfo = SwiftUITraining;
		};
/* End PBXContainerItemProxy section */

/* Begin PBXFileReference section */
		DA45C87C2C188E1900EC2DF6 /* SwiftUITraining.app */ = {isa = PBXFileReference; explicitFileType = wrapper.application; includeInIndex = 0; path = SwiftUITraining.app; sourceTree = BUILT_PRODUCTS_DIR; };
		DA45C87F2C188E1900EC2DF6 /* SwiftUITrainingApp.swift */ = {isa = PBXFileReference; lastKnownFileType = sourcecode.swift; path = SwiftUITrainingApp.swift; sourceTree = "<group>"; };
		DA45C8812C188E1900EC2DF6 /* ContentView.swift */ = {isa = PBXFileReference; lastKnownFileType = sourcecode.swift; path = ContentView.swift; sourceTree = "<group>"; };
		DA45C8832C188E1A00EC2DF6 /* Assets.xcassets */ = {isa = PBXFileReference; lastKnownFileType = folder.assetcatalog; path = Assets.xcassets; sourceTree = "<group>"; };
		DA45C8862C188E1A00EC2DF6 /* Preview Assets.xcassets */ = {isa = PBXFileReference; lastKnownFileType = folder.assetcatalog; path = "Preview Assets.xcassets"; sourceTree = "<group>"; };
		DA45C88C2C188E1A00EC2DF6 /* SwiftUITrainingTests.xctest */ = {isa = PBXFileReference; explicitFileType = wrapper.cfbundle; includeInIndex = 0; path = SwiftUITrainingTests.xctest; sourceTree = BUILT_PRODUCTS_DIR; };
		DA45C8902C188E1A00EC2DF6 /* SwiftUITrainingTests.swift */ = {isa = PBXFileReference; lastKnownFileType = sourcecode.swift; path = SwiftUITrainingTests.swift; sourceTree = "<group>"; };
		DA45C8962C188E1A00EC2DF6 /* SwiftUITrainingUITests.xctest */ = {isa = PBXFileReference; explicitFileType = wrapper.cfbundle; includeInIndex = 0; path = SwiftUITrainingUITests.xctest; sourceTree = BUILT_PRODUCTS_DIR; };
		DA45C89A2C188E1A00EC2DF6 /* SwiftUITrainingUITests.swift */ = {isa = PBXFileReference; lastKnownFileType = sourcecode.swift; path = SwiftUITrainingUITests.swift; sourceTree = "<group>"; };
		DA45C89C2C188E1A00EC2DF6 /* SwiftUITrainingUITestsLaunchTests.swift */ = {isa = PBXFileReference; lastKnownFileType = sourcecode.swift; path = SwiftUITrainingUITestsLaunchTests.swift; sourceTree = "<group>"; };
		DA45C8AB2C188E9B00EC2DF6 /* LoginView.swift */ = {isa = PBXFileReference; lastKnownFileType = sourcecode.swift; path = LoginView.swift; sourceTree = "<group>"; };
		DA45C8AD2C1983B600EC2DF6 /* SignUpView.swift */ = {isa = PBXFileReference; lastKnownFileType = sourcecode.swift; path = SignUpView.swift; sourceTree = "<group>"; };
/* End PBXFileReference section */

/* Begin PBXFrameworksBuildPhase section */
		DA45C8792C188E1900EC2DF6 /* Frameworks */ = {
			isa = PBXFrameworksBuildPhase;
			buildActionMask = 2147483647;
			files = (
			);
			runOnlyForDeploymentPostprocessing = 0;
		};
		DA45C8892C188E1A00EC2DF6 /* Frameworks */ = {
			isa = PBXFrameworksBuildPhase;
			buildActionMask = 2147483647;
			files = (
			);
			runOnlyForDeploymentPostprocessing = 0;
		};
		DA45C8932C188E1A00EC2DF6 /* Frameworks */ = {
			isa = PBXFrameworksBuildPhase;
			buildActionMask = 2147483647;
			files = (
			);
			runOnlyForDeploymentPostprocessing = 0;
		};
/* End PBXFrameworksBuildPhase section */

/* Begin PBXGroup section */
		DA45C8732C188E1900EC2DF6 = {
			isa = PBXGroup;
			children = (
				DA45C87E2C188E1900EC2DF6 /* SwiftUITraining */,
				DA45C88F2C188E1A00EC2DF6 /* SwiftUITrainingTests */,
				DA45C8992C188E1A00EC2DF6 /* SwiftUITrainingUITests */,
				DA45C87D2C188E1900EC2DF6 /* Products */,
			);
			sourceTree = "<group>";
		};
		DA45C87D2C188E1900EC2DF6 /* Products */ = {
			isa = PBXGroup;
			children = (
				DA45C87C2C188E1900EC2DF6 /* SwiftUITraining.app */,
				DA45C88C2C188E1A00EC2DF6 /* SwiftUITrainingTests.xctest */,
				DA45C8962C188E1A00EC2DF6 /* SwiftUITrainingUITests.xctest */,
			);
			name = Products;
			sourceTree = "<group>";
		};
		DA45C87E2C188E1900EC2DF6 /* SwiftUITraining */ = {
			isa = PBXGroup;
			children = (
				DA45C87F2C188E1900EC2DF6 /* SwiftUITrainingApp.swift */,
				DA45C8812C188E1900EC2DF6 /* ContentView.swift */,
				DA45C8832C188E1A00EC2DF6 /* Assets.xcassets */,
				DA45C8852C188E1A00EC2DF6 /* Preview Content */,
				DA45C8AB2C188E9B00EC2DF6 /* LoginView.swift */,
				DA45C8AD2C1983B600EC2DF6 /* SignUpView.swift */,
			);
			path = SwiftUITraining;
			sourceTree = "<group>";
		};
		DA45C8852C188E1A00EC2DF6 /* Preview Content */ = {
			isa = PBXGroup;
			children = (
				DA45C8862C188E1A00EC2DF6 /* Preview Assets.xcassets */,
			);
			path = "Preview Content";
			sourceTree = "<group>";
		};
		DA45C88F2C188E1A00EC2DF6 /* SwiftUITrainingTests */ = {
			isa = PBXGroup;
			children = (
				DA45C8902C188E1A00EC2DF6 /* SwiftUITrainingTests.swift */,
			);
			path = SwiftUITrainingTests;
			sourceTree = "<group>";
		};
		DA45C8992C188E1A00EC2DF6 /* SwiftUITrainingUITests */ = {
			isa = PBXGroup;
			children = (
				DA45C89A2C188E1A00EC2DF6 /* SwiftUITrainingUITests.swift */,
				DA45C89C2C188E1A00EC2DF6 /* SwiftUITrainingUITestsLaunchTests.swift */,
			);
			path = SwiftUITrainingUITests;
			sourceTree = "<group>";
		};
/* End PBXGroup section */

/* Begin PBXNativeTarget section */
		DA45C87B2C188E1900EC2DF6 /* SwiftUITraining */ = {
			isa = PBXNativeTarget;
			buildConfigurationList = DA45C8A02C188E1A00EC2DF6 /* Build configuration list for PBXNativeTarget "SwiftUITraining" */;
			buildPhases = (
				DA45C8782C188E1900EC2DF6 /* Sources */,
				DA45C8792C188E1900EC2DF6 /* Frameworks */,
				DA45C87A2C188E1900EC2DF6 /* Resources */,
			);
			buildRules = (
			);
			dependencies = (
			);
			name = SwiftUITraining;
			productName = SwiftUITraining;
			productReference = DA45C87C2C188E1900EC2DF6 /* SwiftUITraining.app */;
			productType = "com.apple.product-type.application";
		};
		DA45C88B2C188E1A00EC2DF6 /* SwiftUITrainingTests */ = {
			isa = PBXNativeTarget;
			buildConfigurationList = DA45C8A32C188E1A00EC2DF6 /* Build configuration list for PBXNativeTarget "SwiftUITrainingTests" */;
			buildPhases = (
				DA45C8882C188E1A00EC2DF6 /* Sources */,
				DA45C8892C188E1A00EC2DF6 /* Frameworks */,
				DA45C88A2C188E1A00EC2DF6 /* Resources */,
			);
			buildRules = (
			);
			dependencies = (
				DA45C88E2C188E1A00EC2DF6 /* PBXTargetDependency */,
			);
			name = SwiftUITrainingTests;
			productName = SwiftUITrainingTests;
			productReference = DA45C88C2C188E1A00EC2DF6 /* SwiftUITrainingTests.xctest */;
			productType = "com.apple.product-type.bundle.unit-test";
		};
		DA45C8952C188E1A00EC2DF6 /* SwiftUITrainingUITests */ = {
			isa = PBXNativeTarget;
			buildConfigurationList = DA45C8A62C188E1A00EC2DF6 /* Build configuration list for PBXNativeTarget "SwiftUITrainingUITests" */;
			buildPhases = (
				DA45C8922C188E1A00EC2DF6 /* Sources */,
				DA45C8932C188E1A00EC2DF6 /* Frameworks */,
				DA45C8942C188E1A00EC2DF6 /* Resources */,
			);
			buildRules = (
			);
			dependencies = (
				DA45C8982C188E1A00EC2DF6 /* PBXTargetDependency */,
			);
			name = SwiftUITrainingUITests;
			productName = SwiftUITrainingUITests;
			productReference = DA45C8962C188E1A00EC2DF6 /* SwiftUITrainingUITests.xctest */;
			productType = "com.apple.product-type.bundle.ui-testing";
		};
/* End PBXNativeTarget section */

/* Begin PBXProject section */
		DA45C8742C188E1900EC2DF6 /* Project object */ = {
			isa = PBXProject;
			attributes = {
				BuildIndependentTargetsInParallel = 1;
				LastSwiftUpdateCheck = 1540;
				LastUpgradeCheck = 1540;
				TargetAttributes = {
					DA45C87B2C188E1900EC2DF6 = {
						CreatedOnToolsVersion = 15.4;
					};
					DA45C88B2C188E1A00EC2DF6 = {
						CreatedOnToolsVersion = 15.4;
						TestTargetID = DA45C87B2C188E1900EC2DF6;
					};
					DA45C8952C188E1A00EC2DF6 = {
						CreatedOnToolsVersion = 15.4;
						TestTargetID = DA45C87B2C188E1900EC2DF6;
					};
				};
			};
			buildConfigurationList = DA45C8772C188E1900EC2DF6 /* Build configuration list for PBXProject "SwiftUITraining" */;
			compatibilityVersion = "Xcode 14.0";
			developmentRegion = en;
			hasScannedForEncodings = 0;
			knownRegions = (
				en,
				Base,
			);
			mainGroup = DA45C8732C188E1900EC2DF6;
			productRefGroup = DA45C87D2C188E1900EC2DF6 /* Products */;
			projectDirPath = "";
			projectRoot = "";
			targets = (
				DA45C87B2C188E1900EC2DF6 /* SwiftUITraining */,
				DA45C88B2C188E1A00EC2DF6 /* SwiftUITrainingTests */,
				DA45C8952C188E1A00EC2DF6 /* SwiftUITrainingUITests */,
			);
		};
/* End PBXProject section */

/* Begin PBXResourcesBuildPhase section */
		DA45C87A2C188E1900EC2DF6 /* Resources */ = {
			isa = PBXResourcesBuildPhase;
			buildActionMask = 2147483647;
			files = (
				DA45C8872C188E1A00EC2DF6 /* Preview Assets.xcassets in Resources */,
				DA45C8842C188E1A00EC2DF6 /* Assets.xcassets in Resources */,
			);
			runOnlyForDeploymentPostprocessing = 0;
		};
		DA45C88A2C188E1A00EC2DF6 /* Resources */ = {
			isa = PBXResourcesBuildPhase;
			buildActionMask = 2147483647;
			files = (
			);
			runOnlyForDeploymentPostprocessing = 0;
		};
		DA45C8942C188E1A00EC2DF6 /* Resources */ = {
			isa = PBXResourcesBuildPhase;
			buildActionMask = 2147483647;
			files = (
			);
			runOnlyForDeploymentPostprocessing = 0;
		};
/* End PBXResourcesBuildPhase section */

/* Begin PBXSourcesBuildPhase section */
		DA45C8782C188E1900EC2DF6 /* Sources */ = {
			isa = PBXSourcesBuildPhase;
			buildActionMask = 2147483647;
			files = (
				DA45C8AE2C1983B600EC2DF6 /* SignUpView.swift in Sources */,
				DA45C8AC2C188E9B00EC2DF6 /* LoginView.swift in Sources */,
				DA45C8822C188E1900EC2DF6 /* ContentView.swift in Sources */,
				DA45C8802C188E1900EC2DF6 /* SwiftUITrainingApp.swift in Sources */,
			);
			runOnlyForDeploymentPostprocessing = 0;
		};
		DA45C8882C188E1A00EC2DF6 /* Sources */ = {
			isa = PBXSourcesBuildPhase;
			buildActionMask = 2147483647;
			files = (
				DA45C8912C188E1A00EC2DF6 /* SwiftUITrainingTests.swift in Sources */,
			);
			runOnlyForDeploymentPostprocessing = 0;
		};
		DA45C8922C188E1A00EC2DF6 /* Sources */ = {
			isa = PBXSourcesBuildPhase;
			buildActionMask = 2147483647;
			files = (
				DA45C89D2C188E1A00EC2DF6 /* SwiftUITrainingUITestsLaunchTests.swift in Sources */,
				DA45C89B2C188E1A00EC2DF6 /* SwiftUITrainingUITests.swift in Sources */,
			);
			runOnlyForDeploymentPostprocessing = 0;
		};
/* End PBXSourcesBuildPhase section */

/* Begin PBXTargetDependency section */
		DA45C88E2C188E1A00EC2DF6 /* PBXTargetDependency */ = {
			isa = PBXTargetDependency;
			target = DA45C87B2C188E1900EC2DF6 /* SwiftUITraining */;
			targetProxy = DA45C88D2C188E1A00EC2DF6 /* PBXContainerItemProxy */;
		};
		DA45C8982C188E1A00EC2DF6 /* PBXTargetDependency */ = {
			isa = PBXTargetDependency;
			target = DA45C87B2C188E1900EC2DF6 /* SwiftUITraining */;
			targetProxy = DA45C8972C188E1A00EC2DF6 /* PBXContainerItemProxy */;
		};
/* End PBXTargetDependency section */

/* Begin XCBuildConfiguration section */
		DA45C89E2C188E1A00EC2DF6 /* Debug */ = {
			isa = XCBuildConfiguration;
			buildSettings = {
				ALWAYS_SEARCH_USER_PATHS = NO;
				ASSETCATALOG_COMPILER_GENERATE_SWIFT_ASSET_SYMBOL_EXTENSIONS = YES;
				CLANG_ANALYZER_NONNULL = YES;
				CLANG_ANALYZER_NUMBER_OBJECT_CONVERSION = YES_AGGRESSIVE;
				CLANG_CXX_LANGUAGE_STANDARD = "gnu++20";
				CLANG_ENABLE_MODULES = YES;
				CLANG_ENABLE_OBJC_ARC = YES;
				CLANG_ENABLE_OBJC_WEAK = YES;
				CLANG_WARN_BLOCK_CAPTURE_AUTORELEASING = YES;
				CLANG_WARN_BOOL_CONVERSION = YES;
				CLANG_WARN_COMMA = YES;
				CLANG_WARN_CONSTANT_CONVERSION = YES;
				CLANG_WARN_DEPRECATED_OBJC_IMPLEMENTATIONS = YES;
				CLANG_WARN_DIRECT_OBJC_ISA_USAGE = YES_ERROR;
				CLANG_WARN_DOCUMENTATION_COMMENTS = YES;
				CLANG_WARN_EMPTY_BODY = YES;
				CLANG_WARN_ENUM_CONVERSION = YES;
				CLANG_WARN_INFINITE_RECURSION = YES;
				CLANG_WARN_INT_CONVERSION = YES;
				CLANG_WARN_NON_LITERAL_NULL_CONVERSION = YES;
				CLANG_WARN_OBJC_IMPLICIT_RETAIN_SELF = YES;
				CLANG_WARN_OBJC_LITERAL_CONVERSION = YES;
				CLANG_WARN_OBJC_ROOT_CLASS = YES_ERROR;
				CLANG_WARN_QUOTED_INCLUDE_IN_FRAMEWORK_HEADER = YES;
				CLANG_WARN_RANGE_LOOP_ANALYSIS = YES;
				CLANG_WARN_STRICT_PROTOTYPES = YES;
				CLANG_WARN_SUSPICIOUS_MOVE = YES;
				CLANG_WARN_UNGUARDED_AVAILABILITY = YES_AGGRESSIVE;
				CLANG_WARN_UNREACHABLE_CODE = YES;
				CLANG_WARN__DUPLICATE_METHOD_MATCH = YES;
				COPY_PHASE_STRIP = NO;
				DEBUG_INFORMATION_FORMAT = dwarf;
				ENABLE_STRICT_OBJC_MSGSEND = YES;
				ENABLE_TESTABILITY = YES;
				ENABLE_USER_SCRIPT_SANDBOXING = YES;
				GCC_C_LANGUAGE_STANDARD = gnu17;
				GCC_DYNAMIC_NO_PIC = NO;
				GCC_NO_COMMON_BLOCKS = YES;
				GCC_OPTIMIZATION_LEVEL = 0;
				GCC_PREPROCESSOR_DEFINITIONS = (
					"DEBUG=1",
					"$(inherited)",
				);
				GCC_WARN_64_TO_32_BIT_CONVERSION = YES;
				GCC_WARN_ABOUT_RETURN_TYPE = YES_ERROR;
				GCC_WARN_UNDECLARED_SELECTOR = YES;
				GCC_WARN_UNINITIALIZED_AUTOS = YES_AGGRESSIVE;
				GCC_WARN_UNUSED_FUNCTION = YES;
				GCC_WARN_UNUSED_VARIABLE = YES;
				IPHONEOS_DEPLOYMENT_TARGET = 17.5;
				LOCALIZATION_PREFERS_STRING_CATALOGS = YES;
				MTL_ENABLE_DEBUG_INFO = INCLUDE_SOURCE;
				MTL_FAST_MATH = YES;
				ONLY_ACTIVE_ARCH = YES;
				SDKROOT = iphoneos;
				SWIFT_ACTIVE_COMPILATION_CONDITIONS = "DEBUG $(inherited)";
				SWIFT_OPTIMIZATION_LEVEL = "-Onone";
			};
			name = Debug;
		};
		DA45C89F2C188E1A00EC2DF6 /* Release */ = {
			isa = XCBuildConfiguration;
			buildSettings = {
				ALWAYS_SEARCH_USER_PATHS = NO;
				ASSETCATALOG_COMPILER_GENERATE_SWIFT_ASSET_SYMBOL_EXTENSIONS = YES;
				CLANG_ANALYZER_NONNULL = YES;
				CLANG_ANALYZER_NUMBER_OBJECT_CONVERSION = YES_AGGRESSIVE;
				CLANG_CXX_LANGUAGE_STANDARD = "gnu++20";
				CLANG_ENABLE_MODULES = YES;
				CLANG_ENABLE_OBJC_ARC = YES;
				CLANG_ENABLE_OBJC_WEAK = YES;
				CLANG_WARN_BLOCK_CAPTURE_AUTORELEASING = YES;
				CLANG_WARN_BOOL_CONVERSION = YES;
				CLANG_WARN_COMMA = YES;
				CLANG_WARN_CONSTANT_CONVERSION = YES;
				CLANG_WARN_DEPRECATED_OBJC_IMPLEMENTATIONS = YES;
				CLANG_WARN_DIRECT_OBJC_ISA_USAGE = YES_ERROR;
				CLANG_WARN_DOCUMENTATION_COMMENTS = YES;
				CLANG_WARN_EMPTY_BODY = YES;
				CLANG_WARN_ENUM_CONVERSION = YES;
				CLANG_WARN_INFINITE_RECURSION = YES;
				CLANG_WARN_INT_CONVERSION = YES;
				CLANG_WARN_NON_LITERAL_NULL_CONVERSION = YES;
				CLANG_WARN_OBJC_IMPLICIT_RETAIN_SELF = YES;
				CLANG_WARN_OBJC_LITERAL_CONVERSION = YES;
				CLANG_WARN_OBJC_ROOT_CLASS = YES_ERROR;
				CLANG_WARN_QUOTED_INCLUDE_IN_FRAMEWORK_HEADER = YES;
				CLANG_WARN_RANGE_LOOP_ANALYSIS = YES;
				CLANG_WARN_STRICT_PROTOTYPES = YES;
				CLANG_WARN_SUSPICIOUS_MOVE = YES;
				CLANG_WARN_UNGUARDED_AVAILABILITY = YES_AGGRESSIVE;
				CLANG_WARN_UNREACHABLE_CODE = YES;
				CLANG_WARN__DUPLICATE_METHOD_MATCH = YES;
				COPY_PHASE_STRIP = NO;
				DEBUG_INFORMATION_FORMAT = "dwarf-with-dsym";
				ENABLE_NS_ASSERTIONS = NO;
				ENABLE_STRICT_OBJC_MSGSEND = YES;
				ENABLE_USER_SCRIPT_SANDBOXING = YES;
				GCC_C_LANGUAGE_STANDARD = gnu17;
				GCC_NO_COMMON_BLOCKS = YES;
				GCC_WARN_64_TO_32_BIT_CONVERSION = YES;
				GCC_WARN_ABOUT_RETURN_TYPE = YES_ERROR;
				GCC_WARN_UNDECLARED_SELECTOR = YES;
				GCC_WARN_UNINITIALIZED_AUTOS = YES_AGGRESSIVE;
				GCC_WARN_UNUSED_FUNCTION = YES;
				GCC_WARN_UNUSED_VARIABLE = YES;
				IPHONEOS_DEPLOYMENT_TARGET = 17.5;
				LOCALIZATION_PREFERS_STRING_CATALOGS = YES;
				MTL_ENABLE_DEBUG_INFO = NO;
				MTL_FAST_MATH = YES;
				SDKROOT = iphoneos;
				SWIFT_COMPILATION_MODE = wholemodule;
				VALIDATE_PRODUCT = YES;
			};
			name = Release;
		};
		DA45C8A12C188E1A00EC2DF6 /* Debug */ = {
			isa = XCBuildConfiguration;
			buildSettings = {
				ASSETCATALOG_COMPILER_APPICON_NAME = AppIcon;
				ASSETCATALOG_COMPILER_GLOBAL_ACCENT_COLOR_NAME = AccentColor;
				CODE_SIGN_STYLE = Automatic;
				CURRENT_PROJECT_VERSION = 1;
				DEVELOPMENT_ASSET_PATHS = "\"SwiftUITraining/Preview Content\"";
				DEVELOPMENT_TEAM = B7A2P3AXXN;
				ENABLE_PREVIEWS = YES;
				GENERATE_INFOPLIST_FILE = YES;
				INFOPLIST_KEY_UIApplicationSceneManifest_Generation = YES;
				INFOPLIST_KEY_UIApplicationSupportsIndirectInputEvents = YES;
				INFOPLIST_KEY_UILaunchScreen_Generation = YES;
				INFOPLIST_KEY_UISupportedInterfaceOrientations_iPad = "UIInterfaceOrientationPortrait UIInterfaceOrientationPortraitUpsideDown UIInterfaceOrientationLandscapeLeft UIInterfaceOrientationLandscapeRight";
				INFOPLIST_KEY_UISupportedInterfaceOrientations_iPhone = "UIInterfaceOrientationPortrait UIInterfaceOrientationLandscapeLeft UIInterfaceOrientationLandscapeRight";
				LD_RUNPATH_SEARCH_PATHS = (
					"$(inherited)",
					"@executable_path/Frameworks",
				);
				MARKETING_VERSION = 1.0;
				PRODUCT_BUNDLE_IDENTIFIER = com.systemsltd.SwiftUITraining;
				PRODUCT_NAME = "$(TARGET_NAME)";
				SWIFT_EMIT_LOC_STRINGS = YES;
				SWIFT_VERSION = 5.0;
				TARGETED_DEVICE_FAMILY = "1,2";
			};
			name = Debug;
		};
		DA45C8A22C188E1A00EC2DF6 /* Release */ = {
			isa = XCBuildConfiguration;
			buildSettings = {
				ASSETCATALOG_COMPILER_APPICON_NAME = AppIcon;
				ASSETCATALOG_COMPILER_GLOBAL_ACCENT_COLOR_NAME = AccentColor;
				CODE_SIGN_STYLE = Automatic;
				CURRENT_PROJECT_VERSION = 1;
				DEVELOPMENT_ASSET_PATHS = "\"SwiftUITraining/Preview Content\"";
				DEVELOPMENT_TEAM = B7A2P3AXXN;
				ENABLE_PREVIEWS = YES;
				GENERATE_INFOPLIST_FILE = YES;
				INFOPLIST_KEY_UIApplicationSceneManifest_Generation = YES;
				INFOPLIST_KEY_UIApplicationSupportsIndirectInputEvents = YES;
				INFOPLIST_KEY_UILaunchScreen_Generation = YES;
				INFOPLIST_KEY_UISupportedInterfaceOrientations_iPad = "UIInterfaceOrientationPortrait UIInterfaceOrientationPortraitUpsideDown UIInterfaceOrientationLandscapeLeft UIInterfaceOrientationLandscapeRight";
				INFOPLIST_KEY_UISupportedInterfaceOrientations_iPhone = "UIInterfaceOrientationPortrait UIInterfaceOrientationLandscapeLeft UIInterfaceOrientationLandscapeRight";
				LD_RUNPATH_SEARCH_PATHS = (
					"$(inherited)",
					"@executable_path/Frameworks",
				);
				MARKETING_VERSION = 1.0;
				PRODUCT_BUNDLE_IDENTIFIER = com.systemsltd.SwiftUITraining;
				PRODUCT_NAME = "$(TARGET_NAME)";
				SWIFT_EMIT_LOC_STRINGS = YES;
				SWIFT_VERSION = 5.0;
				TARGETED_DEVICE_FAMILY = "1,2";
			};
			name = Release;
		};
		DA45C8A42C188E1A00EC2DF6 /* Debug */ = {
			isa = XCBuildConfiguration;
			buildSettings = {
				ALWAYS_EMBED_SWIFT_STANDARD_LIBRARIES = YES;
				BUNDLE_LOADER = "$(TEST_HOST)";
				CODE_SIGN_STYLE = Automatic;
				CURRENT_PROJECT_VERSION = 1;
				DEVELOPMENT_TEAM = B7A2P3AXXN;
				GENERATE_INFOPLIST_FILE = YES;
				IPHONEOS_DEPLOYMENT_TARGET = 17.5;
				MARKETING_VERSION = 1.0;
				PRODUCT_BUNDLE_IDENTIFIER = com.systemsltd.SwiftUITrainingTests;
				PRODUCT_NAME = "$(TARGET_NAME)";
				SWIFT_EMIT_LOC_STRINGS = NO;
				SWIFT_VERSION = 5.0;
				TARGETED_DEVICE_FAMILY = "1,2";
				TEST_HOST = "$(BUILT_PRODUCTS_DIR)/SwiftUITraining.app/$(BUNDLE_EXECUTABLE_FOLDER_PATH)/SwiftUITraining";
			};
			name = Debug;
		};
		DA45C8A52C188E1A00EC2DF6 /* Release */ = {
			isa = XCBuildConfiguration;
			buildSettings = {
				ALWAYS_EMBED_SWIFT_STANDARD_LIBRARIES = YES;
				BUNDLE_LOADER = "$(TEST_HOST)";
				CODE_SIGN_STYLE = Automatic;
				CURRENT_PROJECT_VERSION = 1;
				DEVELOPMENT_TEAM = B7A2P3AXXN;
				GENERATE_INFOPLIST_FILE = YES;
				IPHONEOS_DEPLOYMENT_TARGET = 17.5;
				MARKETING_VERSION = 1.0;
				PRODUCT_BUNDLE_IDENTIFIER = com.systemsltd.SwiftUITrainingTests;
				PRODUCT_NAME = "$(TARGET_NAME)";
				SWIFT_EMIT_LOC_STRINGS = NO;
				SWIFT_VERSION = 5.0;
				TARGETED_DEVICE_FAMILY = "1,2";
				TEST_HOST = "$(BUILT_PRODUCTS_DIR)/SwiftUITraining.app/$(BUNDLE_EXECUTABLE_FOLDER_PATH)/SwiftUITraining";
			};
			name = Release;
		};
		DA45C8A72C188E1A00EC2DF6 /* Debug */ = {
			isa = XCBuildConfiguration;
			buildSettings = {
				ALWAYS_EMBED_SWIFT_STANDARD_LIBRARIES = YES;
				CODE_SIGN_STYLE = Automatic;
				CURRENT_PROJECT_VERSION = 1;
				DEVELOPMENT_TEAM = B7A2P3AXXN;
				GENERATE_INFOPLIST_FILE = YES;
				MARKETING_VERSION = 1.0;
				PRODUCT_BUNDLE_IDENTIFIER = com.systemsltd.SwiftUITrainingUITests;
				PRODUCT_NAME = "$(TARGET_NAME)";
				SWIFT_EMIT_LOC_STRINGS = NO;
				SWIFT_VERSION = 5.0;
				TARGETED_DEVICE_FAMILY = "1,2";
				TEST_TARGET_NAME = SwiftUITraining;
			};
			name = Debug;
		};
		DA45C8A82C188E1A00EC2DF6 /* Release */ = {
			isa = XCBuildConfiguration;
			buildSettings = {
				ALWAYS_EMBED_SWIFT_STANDARD_LIBRARIES = YES;
				CODE_SIGN_STYLE = Automatic;
				CURRENT_PROJECT_VERSION = 1;
				DEVELOPMENT_TEAM = B7A2P3AXXN;
				GENERATE_INFOPLIST_FILE = YES;
				MARKETING_VERSION = 1.0;
				PRODUCT_BUNDLE_IDENTIFIER = com.systemsltd.SwiftUITrainingUITests;
				PRODUCT_NAME = "$(TARGET_NAME)";
				SWIFT_EMIT_LOC_STRINGS = NO;
				SWIFT_VERSION = 5.0;
				TARGETED_DEVICE_FAMILY = "1,2";
				TEST_TARGET_NAME = SwiftUITraining;
			};
			name = Release;
		};
/* End XCBuildConfiguration section */

/* Begin XCConfigurationList section */
		DA45C8772C188E1900EC2DF6 /* Build configuration list for PBXProject "SwiftUITraining" */ = {
			isa = XCConfigurationList;
			buildConfigurations = (
				DA45C89E2C188E1A00EC2DF6 /* Debug */,
				DA45C89F2C188E1A00EC2DF6 /* Release */,
			);
			defaultConfigurationIsVisible = 0;
			defaultConfigurationName = Release;
		};
		DA45C8A02C188E1A00EC2DF6 /* Build configuration list for PBXNativeTarget "SwiftUITraining" */ = {
			isa = XCConfigurationList;
			buildConfigurations = (
				DA45C8A12C188E1A00EC2DF6 /* Debug */,
				DA45C8A22C188E1A00EC2DF6 /* Release */,
			);
			defaultConfigurationIsVisible = 0;
			defaultConfigurationName = Release;
		};
		DA45C8A32C188E1A00EC2DF6 /* Build configuration list for PBXNativeTarget "SwiftUITrainingTests" */ = {
			isa = XCConfigurationList;
			buildConfigurations = (
				DA45C8A42C188E1A00EC2DF6 /* Debug */,
				DA45C8A52C188E1A00EC2DF6 /* Release */,
			);
			defaultConfigurationIsVisible = 0;
			defaultConfigurationName = Release;
		};
		DA45C8A62C188E1A00EC2DF6 /* Build configuration list for PBXNativeTarget "SwiftUITrainingUITests" */ = {
			isa = XCConfigurationList;
			buildConfigurations = (
				DA45C8A72C188E1A00EC2DF6 /* Debug */,
				DA45C8A82C188E1A00EC2DF6 /* Release */,
			);
			defaultConfigurationIsVisible = 0;
			defaultConfigurationName = Release;
		};
/* End XCConfigurationList section */
	};
	rootObject = DA45C8742C188E1900EC2DF6 /* Project object */;
}
